# This file was autogenerated by uv via the following command:
#    uv pip compile --universal --generate-hashes --python-version 3.12 --output-file packs/requirements/live-streams.lock packs/requirements/live-streams.in
altgraph==0.17.5 \
    --hash=sha256:c87b395dd12fabde9c99573a9749d67da8d29ef9de0125c7f536699b4a9bc9e7 \
    --hash=sha256:f3a22400bce1b0c701683820ac4f3b159cd301acab067c51c653e06961600597
    # via
    #   macholib
    #   pyinstaller
attrs==26.1.0 \
    --hash=sha256:c647aa4a12dfbad9333ca4e71fe62ddc36f4e63b2d260a37a8b83d2f043ac309 \
    --hash=sha256:d03ceb89cb322a8fd706d4fb91940737b6642aa36998fe130a9bc96c985eff32
    # via
    #   outcome
    #   trio
certifi==2026.7.22 \
    --hash=sha256:62f22742b58a1a33014a2b6b706588a8d7e2a88ae7bd1a6ebe8c992928483775 \
    --hash=sha256:741e2c3b351ddf169a738da9f2c048608ff7f2c5cc02f1ebc6b118bb090d5d55
    # via
    #   requests
    #   streamlink
cffi==2.1.1 ; implementation_name != 'pypy' and os_name == 'nt' \
    --hash=sha256:046bfc24911b37851ee1b51aab8bffe713d89c68c6a057b09484ce9fd5f69b4e \
    --hash=sha256:06c72bb76605a4b0cd0aad6930b69d4baf7dd5d806cfc409b824191099700e66 \
    --hash=sha256:0beceaabe56af686895136a2de78db54ecd8e4046b236b8fd6d6cb61389e9bf2 \
    --hash=sha256:154852545011f779917b11c78db2358d095da62a9a172b78ad0a583ee5adc0d0 \
    --hash=sha256:194cffa889098ced9976c3fc6340305e43f6303657d298da55366907c05c22d6 \
    --hash=sha256:19ee6127ee34de7d83ce3d371ebc5ed91addbdcc39f9ab15ce4eb35a4e534971 \
    --hash=sha256:1a18a57b58cfb21fc28d72e876acf10eaed67a1ed96226f92af4df681d571c4c \
    --hash=sha256:1aa5645c30469b09530c4ebca77ebf8f17618293c58f8549cb1a543a50236e7d \
    --hash=sha256:1dea0e4d7d4f11f619fe8c1d76caf49e24405b4b5743c0e3be16a500ecd930c9 \
    --hash=sha256:208f941bb9d18e768138677f0a6d2ce01f590df56043dda1df1535ac57c88517 \
    --hash=sha256:210019b6c7cf07f081b4c54635c8cf744377001350e29cc0f81c4377b4797735 \
    --hash=sha256:246fa40ce8645a614ff682e0b70f37134e460eaf93a775e0cbe3cca585a67a80 \
    --hash=sha256:25792eac27877609e7bb06d42ff88278a6624fff2ba9bbb523c09616b117e80f \
    --hash=sha256:27350daa11d4f10c540e6e89dada4c54feb7256ad03e9a4dc075ebad7ba360d1 \
    --hash=sha256:28907ab9bfb6aa13184cfc17c6b8e1023c5ab6fd7076d8c20a35e59fe04f8f29 \
    --hash=sha256:2ae64be792b8966f2c69538199728b290e34726562896df1e5dc8ffd8d8188e8 \
    --hash=sha256:31348097ff5bbe827ccc41795d4dd099d9f0625e7def00ee653c137a490c2a6c \
    --hash=sha256:3143d81e29e1e20a9ce10901ec369012947876596f75a222235965f2b7ae832e \
    --hash=sha256:3222ba5d678f80a030e6afbcc33dc1ae5cb45facabb61cee2c7016b8432fde48 \
    --hash=sha256:3311ed60d36f83378794e1009ac6258bafbf81f7888b4caa7b35a521e3f95813 \
    --hash=sha256:334644fbac4eff73d985a17a91226df55d0f394160c4cfb880e084c8f7161cac \
    --hash=sha256:34e261f78cb6ceaaa36f42f2613f4380d94d9c759a9c73c769ee6e0247364632 \
    --hash=sha256:363e05fa78e15116c3c32c210ee36884fd6b9afa6d440e47112c3bd511d64cb6 \
    --hash=sha256:398aff33cee2767e3e781d2554c54bd0dff386bb437581e0d8011fde1a942ec1 \
    --hash=sha256:3d22a20b1fb1632cc72c22f95f7b0d2961c3e1c235f245ba4c606c4771035659 \
    --hash=sha256:42a494cee34437f05546455144f2b5d9ac09b1face62bcfce597d2e521066688 \
    --hash=sha256:42e2f76b9455f5a9a844f770bf3e200ed3da0e15f5df3db9c31fe80b04b3d004 \
    --hash=sha256:42f6930c31dc7f50732c9ae793c2786c7b6b044195967bbdde40bb9be81c4cc0 \
    --hash=sha256:456a61fa52d579ebf9df2e9552ead5129855dbaff6c1e5a9b1bc408809bdc062 \
    --hash=sha256:471cee653ae88de62096552e6d24ccb4a5adb8c8c9f10b5054d0122c15bf2779 \
    --hash=sha256:49cbc70e6542d4ccccb936558d1064a8012541e78f821f955cff24e357776c94 \
    --hash=sha256:4a7c934f7360e8cd64fe9efadcbd10c7c6364f531e432b9a4bf5ccbc9e0e8b50 \
    --hash=sha256:4be96343e422f2dfcd12ab5c9f5aebe03f82f737c6bffeca6830b3875cb44aab \
    --hash=sha256:4f42141fc14250de6dde5ee7ea4432be017252d91f19c5ad043c084cea629cac \
    --hash=sha256:507a24c282e0f42f8ed737cf048572cbf580468da5555764a8331735e9c736b6 \
    --hash=sha256:51b31d1c98274844cfd7838ce00bfc27c7423a4dc00fc0772fc3331c2cc90676 \
    --hash=sha256:58acb8ab8e295e6c5ea12f888cbb13cf21511ef2a3303a23f4325c29d17fe5c1 \
    --hash=sha256:5a59cc1c4442bc3d5c703bf720b51138d0bfc173618807c9ee2490a7541dd3d9 \
    --hash=sha256:5bb4e7ea95dcd6a014a6fef62e62467d67d8e582326443f3d68e71d6320a9fcf \
    --hash=sha256:5c58fe613dc5e5336357eff555824a314d8e43282600435c8d1cb6a7a2fedd13 \
    --hash=sha256:5e7cecbaadb83884793e05828cee59b210b24583b9c7425d0ba6a754fe22eb4e \
    --hash=sha256:616f097f2fe415bc92a247f02e11f634e1f9e9a83d327e3c915c15089c87869e \
    --hash=sha256:63bbfd5ded17c4840ac07cd8f1c21ba9d9708141f840b324f422f41b207e3973 \
    --hash=sha256:64faea20f4e2613363a1a9b9c7dd73058f3ecd00133a511e72ad7c511658f527 \
    --hash=sha256:661c298b4821edebead0c91edd2b00374d67ad7c5a1f7a91d4442633b79d6a72 \
    --hash=sha256:68e62fe11f30d5ca8289242866f0a5291402d8529ca2178ab8afc5c9694ae890 \
    --hash=sha256:6a8dddef476fab96d066d578fc88526767b836ab5ab21754e1d5bf3879c31c7c \
    --hash=sha256:6e192623c49c94421616a5778fba35cf0d5a8d000650c1967ef4448ee5cdd990 \
    --hash=sha256:7225e4514edb64eb6740324353e0da0711954fd8d7da4576755b1c6e09b697cd \
    --hash=sha256:75f80557d1389eddbd0de2681f6a390a0c5338c31ddaa821381c203fc3fd50d9 \
    --hash=sha256:770de9db11e84213beec501cfcaa013b019820ca881e03344dea5844f7876d94 \
    --hash=sha256:7750c6449dff7864bb9bb27ddfb0267756189201a3afc911d82b3caacd70dfc3 \
    --hash=sha256:7bde5e4cc5c10140859842b9d383af292b22639a4dffb725314baf45968cef80 \
    --hash=sha256:7ce713ace7c0e4520535b42b77eaa742c16dab813978064913e5a3cf82973b41 \
    --hash=sha256:7da0c5eff80f0197f3b3d1232ec5a682a9325f4ae9016a78f5f5ca35f9ced1f5 \
    --hash=sha256:7dbb61fe3a7699468030f71bbe5f8a0e326a151daa91beb11a6fc1f980c55e1c \
    --hash=sha256:811bd1e21d32de12efca32393a0ab3f5133b54fce9bd44b8bd77ab07da14bf6a \
    --hash=sha256:8ef53b2de9bcb9197d31854256575d59dbac0cba72ac627bb291ef5eceb74be4 \
    --hash=sha256:937c0052c05a31ca1daf18de3158eed4dbfcb9cc107adbea227728d647be701e \
    --hash=sha256:9d2055050ea716bd38b7f7f1579c275386646b4894c155a3e2f3cd62ed41b7c6 \
    --hash=sha256:9f8d177621de5cb38ee3e731eda45d421db093ec0739f46a5594babda7987a98 \
    --hash=sha256:a2d7755bef5a12ed488f4ef1f1b69ee9191d7396083b755a5d2295f6edb4768b \
    --hash=sha256:a48d62ab9d6f4f98c983223a547af44be6ca3691074c31cecced6facd3ba2dc1 \
    --hash=sha256:a4f00aa42f75d6e4595e8866e748cc1705adc0cddfeb2ca86d0d03993d63ba03 \
    --hash=sha256:a6e721d4b0e45d5b65e87534470e67b18dcd092c83f68fba09f152b9cbc061af \
    --hash=sha256:a730a083190634c65cca36ba5f489531576ebd79bcd5c8e172130f6453127231 \
    --hash=sha256:a931079504ecc49efed7744c476a5c343a92fabf66dec2db95edb1b2fdc770e2 \
    --hash=sha256:aa9511c62d14da7aacc9b4bf51f3f697a621e83b2d6919008243c3aad168eea3 \
    --hash=sha256:ab36d55f9ed2d067327667c2fea18dda018eb628dd6347aa01dda6cf1f5d3836 \
    --hash=sha256:ad2c86c495b899d862ea0f4b42891b8713a3bd45dd4105c7fd51c2a72f39f3a5 \
    --hash=sha256:aeae0e330c9f6acd681f647d46cefd30c29f93e3392882e792e82080c9691399 \
    --hash=sha256:b0431303acaea1089ad4b3e9ce4e6518193def1118d4073ca848635ee4ea2e96 \
    --hash=sha256:b5bdfd1c873d4e093aabc0ca84c4ca6dbc4f752afb5c86f146d9742580c9da2e \
    --hash=sha256:baed1e86cc735622097354b9d1281406caf42ff42a886d29faa8e8d1630333be \
    --hash=sha256:c1453022f490d2459a11819d83ad1d586e9ff65a12ac3e705ffebd46d3685dcf \
    --hash=sha256:c26608d2222fb1e94487e4a387d85f13eb55d5ed725cb25a0c589ac4ee60e7bc \
    --hash=sha256:c7659f22557c5a0bc4855cd635f55edec690cc008a40768527762cb9fb263455 \
    --hash=sha256:c8c69575568085ba0b1b10c0249d779a214aea6f6522e949a0fc9fb0fcb449d0 \
    --hash=sha256:c8d2c9fd1f2d16f780d15127abb050d13d1a76c03a4bd87d7e4980e45e511e12 \
    --hash=sha256:ca82be1a1d406ecfe1d25dc16cb33488e5a16bf4438c9fb590484ea29d92478b \
    --hash=sha256:cc572dace3f60ef98d7b12ff411d20f5362feb31a0439eab0085bbfd349982d7 \
    --hash=sha256:d18e5ac0f2f03f4f518d3e23db0f0cad7faa1da8620e9c09461d443bbf6e6692 \
    --hash=sha256:d28630f5854ab07ab1fd4aba756de52326c82e6be15d414b12793f1975048b54 \
    --hash=sha256:d9c275eaacd24aa73f94ffd6de08fc3f932424d8b6c376f4bed7cde376fe7bc3 \
    --hash=sha256:da0e573f9f97159390c89d9f1a9e41908b66d408cc5b58d08cf3847d844c531b \
    --hash=sha256:dd31f52ea1086513bb9df30f8fcee9b8918323ae067a3d5b78bc826a000712be \
    --hash=sha256:dddad92b554513a31f272570678ba307fb9f618f05e3d4a5eacafff9eae03e1d \
    --hash=sha256:df423d40ee8654634421812bc3b196da3f9bd7d32929da813f8394c4348a5358 \
    --hash=sha256:df913725b79db7bcf03448f36b7bf8815363417d5b58deecf9305e3e30f0f21a \
    --hash=sha256:e0bcb7e0f677f543555d2adff3bf19c05f66cdb4796e5ff602442ab2fe3c4ef7 \
    --hash=sha256:e2d65b31f36619cda3999b78b2aa9632e76b78448e7a56fc4240824200e7c4fc \
    --hash=sha256:e6e8cff14d6fb0be70a09c0bdc58096f501952d04624ebf867e0e56da2df8960 \
    --hash=sha256:f16c709686a78c727bbbf059f92b0bf41c6fc60deec706d2dc19f529175a6125 \
    --hash=sha256:f24fb43132a4c6b4cb4eb029492919b2db645be6808d738f244fd146c03c32cb \
    --hash=sha256:f53e442b08449d42821fa4a4fba000095af9f62742a500f978a9f557ec44339a \
    --hash=sha256:f5cfbc5fe74540d335175b656c725d74d90e3730c626d92575eea35029d9afaa \
    --hash=sha256:f81b3b8f3d4e343550fa4baa0e479bba9f2d29ce9c2e9b51d1ce1718d7442fcf \
    --hash=sha256:f8ec5e643a9a937f64e1999eb9f75d072263751912dc5cd06d3c85f8f44be7c3 \
    --hash=sha256:fb92203a88b3d3053034db775110081c49d28be6551923805e039924093761e4 \
    --hash=sha256:fcd22650c908d7b7da162bbfaab594a1227a15d1643a98c68b122ac642fa2264
    # via trio
charset-normalizer==3.4.9 \
    --hash=sha256:0327fcd59a935777d83410750c50600ee9571af2846f71ce40f25b13da1ef380 \
    --hash=sha256:03d07803992c6c7bbc976327f34b18b6160327fc81cb82c9d504720ac0be3b62 \
    --hash=sha256:04ce310cb89c15df659582aee80a0603788732a5e017d5bd5c81158106ce249c \
    --hash=sha256:0d861473f743244d349b50f850d10eb87aeb22bbdcc8e64f79273c94af5a8226 \
    --hash=sha256:0e94703ec9684807f20cfb5eed95c70f67f2a8f21ad620146d7b5a13677b93e5 \
    --hash=sha256:0fa1aec2d32bcc03c8fa0f6f1712caad1adc38509f31142112e5c9daf5b9c833 \
    --hash=sha256:16b65ea0f2465b6fb52aa22de5eca612aa964ddfec00a912e26f4656cbef890b \
    --hash=sha256:16d10d789dd9bcca1173c95af82c58433122564b7bc39385124be735a35cbe99 \
    --hash=sha256:19ac87f93086ce37b86e098888555c4b4bc48102279bae3350098c0ed664b501 \
    --hash=sha256:1d22856ffbe153a602df38e4a5464f0b748a54002e0d69ac6d2ad0a197cc99ec \
    --hash=sha256:21e764fd1e70b6a3e205a0e46f3051701f98a8cb3fad66eeb80e48bb502f8698 \
    --hash=sha256:231ddcbb35e2ff8973e1365db41fe0572662893b99a05deb183b68ad4c0c8bd4 \
    --hash=sha256:253a4a220747e8b5faf57ec320c4f5efb0cef05f647420bf267143ec15dba10a \
    --hash=sha256:280081916dc341820640489a66e4696049401ef1cf6dd672f672e70ad915aca3 \
    --hash=sha256:2a441ea71902098ffe78c5abe6c494f44160b4af614ed16c3d9a3b1d17fd8ee2 \
    --hash=sha256:304b13570067b2547562e308af560b3963857b1fa90bd6afd978130130fe2d6a \
    --hash=sha256:32286a2c8d167e897177b673176c1e3e00d4057caf5d2b64eef9a3666b03018e \
    --hash=sha256:33bdcc2a32c0a0e861f60841a512c8acc658c87c2ac59d89e3a46dacf7d866e4 \
    --hash=sha256:375b83ed0aecfce76c16d198fbc21f3b11b337d68662bea0a995046682a11419 \
    --hash=sha256:3c09a49d6cde137258beb3d551994a2927fd35ad5cf96aed573f61bbd67c5f84 \
    --hash=sha256:3d92613ec25e43b05f042302531ec0f00b8445190e43325880cbd6ab7c2581da \
    --hash=sha256:40a126142a56b2dfc0aacbad1de8310cbf60da7656db0e6b16eebd48e3e93519 \
    --hash=sha256:416c229f77e5ea25b3dfd4b582f8d73d7e43c22320302b9ab128a2d3a0b38efe \
    --hash=sha256:432786d3561e69aeeae6c7e8648964ce0ad05736120135601f87ac26b9c83381 \
    --hash=sha256:43b9e366a31fdd1c87d0eb08f579b4a82b723ea54338f040d6b4e518a026ea29 \
    --hash=sha256:440eede837960000d74978f0eba527be106b5b9aee0daf779d395276ed0b0614 \
    --hash=sha256:45b0cc4e3556cd875e09102988d1ab8356c998b596c9fced84547c8138b487a0 \
    --hash=sha256:476743fe6dfe14a2da12e3ac79125dc84a3b2cf8094369a47a1529b0cd8549fe \
    --hash=sha256:4773092f8019072343a7447203308b176e10199920eb02d6195e81bbb3274c29 \
    --hash=sha256:4b3dac63058cc36820b0dd072f89898604e2d39686fe05321729d00d8ac185a0 \
    --hash=sha256:4d1c96a7a18b9690a4d46df09e3e3382406ae3213727cd1019ebade1c4a81917 \
    --hash=sha256:51307f5c71007673a2bf8232ad973483d281e74cb99c8c5a990af1eefa6277d9 \
    --hash=sha256:51447e9aa2684679af07ca5021c3db526e0284347ebf4ffcec1154c3350cfe32 \
    --hash=sha256:58150c9f9b9a552505912d182ccdf26f6396fb6094816ceebcbb20eecabaed94 \
    --hash=sha256:5b10cd92fc5c498b35a8635df6d5a100207f88b63a4dc1de7ef9a548e1e2cd63 \
    --hash=sha256:5e226f6218febc71f6c1fc2fafb91c226f75bdc1d8fb12d66823716e891608fd \
    --hash=sha256:609b3ba8fcc0fb5ab7af00719d0fb6ad0cb518e48e7712d12fd68f1327951198 \
    --hash=sha256:60f44ade2cf573dad7a277e6f8ca9a51a21dda572b13bd7d8539bb3cd5dbedde \
    --hash=sha256:611057cc5d5c0afc743ba8be6bd828c17e0aaa8643f9d0a9b9bb7dea80eb8012 \
    --hash=sha256:6366a16e1a25018694d6a5d784d09b046edc9eac40ea2b54065c3052672516a1 \
    --hash=sha256:65a7ff3f705e57d392f7261b6d0550fe137c3019477431f1c355e0db0a7d3e15 \
    --hash=sha256:673611bbd43f0810bec0b0f028ddeaaa501190339cac411f347ac76917c3ae7b \
    --hash=sha256:67830fc78e67501f47bb950471b2dcb9b35b140084429318e862895a8e89c993 \
    --hash=sha256:68ce9f4d6b26d5ccbf7fd4459bf75f74a0a146677ebba80597df60cbdb20e6f4 \
    --hash=sha256:68e5f26a1ad57ded6d1cfb85331d1c1a195314756471d97758c48498bb4dcdf5 \
    --hash=sha256:69b157c5d3292bcd443faca052f3096f637f1e074b98212a933c074ae23dc3b8 \
    --hash=sha256:75286256590a6320cf106a0d28970d3560aad9ee09aa7b34fb40524792436d35 \
    --hash=sha256:78841cccf1af7b40f6f716338d50c0902dbe88d9f800b3c973b7a9a0a693a642 \
    --hash=sha256:78fa18e436a1a0e58dbd7e02fc4473f3f32cceb12df9dfca542d075961c307d2 \
    --hash=sha256:79580094b00d1789d1f93ea55bc43cb2f611910c72235b7657f3482ddcc1b22d \
    --hash=sha256:7b86a2b16095d250c6f58b3d9b2eee6f4147754344f3dab0922f7c9bf7d226c9 \
    --hash=sha256:83aed2c10721ddd90f68140685391b50811a880af20654c59af6b6c66c40513c \
    --hash=sha256:84fd18bcc17526fc2b3c1af7d2b9217d32c9c04448c16ec693b9b4f1985c3d33 \
    --hash=sha256:871ff67ea1aad4dfd91736464934d56b32dac49f9fbe16cddba36198a7b3a0db \
    --hash=sha256:898f0e9068ca27d37f8e83a5b962821df851532e6c4a7d615c1c033f9da6eedf \
    --hash=sha256:8a79d9f4d8001473a30c163556b3c3bfebec837495a412dde78b51672f6134f9 \
    --hash=sha256:8c041122946b7ba21bb32c45b1aa57b1be35527690aeb3c5c234521085632eee \
    --hash=sha256:90c44bc373b7687f6948b693cceaea1348ae0975d7474746559494468e3c1d84 \
    --hash=sha256:9104ed0bd76a429d46f9ec0dbc9b08ad1d2dcdf2b00a5a0daa1c145329b35b44 \
    --hash=sha256:920079c3f7456fa213e0829ed2073aaa727fd39d889ead5b4f35d0de5460d04f \
    --hash=sha256:93d59d504b230e83c7a843251681959a0b6a9cd76f6e146ce1b8a80eb8739af9 \
    --hash=sha256:9b2aff1c7b3884512b9512c3eaadd9bab39fb45042ffaaa1dd08ff2b9f8109d9 \
    --hash=sha256:9b8e0f3107e2200b76f6054de99016eac3ee6762713587b36baaa7e4bd2ae177 \
    --hash=sha256:9bb41182d93ea91f60b4bc8fbf4c820c69ef8a12ab2d917f3f1834f1acad07e8 \
    --hash=sha256:9cdef90ae47919cae358d8ab15797a800ed41da7aba5d72419fb510729e2ed4b \
    --hash=sha256:a1786910334ed46ab1dd73222f2cd1e05c2c3bb39f6dddb4f8b36fc382058a39 \
    --hash=sha256:a4cfde78a9f2880208d16a93b795726a3017d5977e08d1e162a7a31322479c41 \
    --hash=sha256:a4fbdde9dd4a9ce5fd52c2b3a347bb50cc89483ef783f1cb00d408c13f7a96c0 \
    --hash=sha256:aa99adc8f081b475a12843953db36831eaf83ec33eb46a90629ca6a5de45a616 \
    --hash=sha256:ac351b3b8014eead140e77e9717e2992c6bbe30b63bc3422422eb84865412e3d \
    --hash=sha256:ad41ba96094304aa090f5a30cb6e4fb3b3f1c264c523394b4c39bbacc4dc92ba \
    --hash=sha256:b5314963fce9b0b12743891de876e724997864ee22aa496f903f426c7e2fa5b2 \
    --hash=sha256:bcf74c1df76758a395bf0af608c04c82257523f55c9868b334f06270d0f2112b \
    --hash=sha256:bd47ba7fc3ca94896759ea0109775132d3e7ab921fbf54038e1bab2e46c313c9 \
    --hash=sha256:c0323c9daef75ef2e5083624b4585018a0c9d5e3b40f607eed81a311270b934b \
    --hash=sha256:c1225416b463483160e4af85d5fc3a9690ccb53fd4b1865a6437825f5ede3209 \
    --hash=sha256:c1c948747b03be832dceed96ca815cef7360de9aa19d37c730f8e3f6101aca48 \
    --hash=sha256:c25fe15c70c59eb7c5ce8c06a1f3fa1da0ecc5ea1e7a5922c40fd2fa9b0d5046 \
    --hash=sha256:cc1b0fff8ead343dae06305f954eb8468ba0ec1a97881f42489d198e4ce3c632 \
    --hash=sha256:cd6280cf040f233bd7d3407b743b4b4c74f70e8e1c4199cb112a62c941c0772a \
    --hash=sha256:cd6c3d4b783c556fa00bf540854e42f135e2f256abd29669fcd0da0f2dec79c2 \
    --hash=sha256:d4d6fcde76f94f5cb9e43e9e9a61f16dacefd228cbbf6f1a09bd9b219a92f1a1 \
    --hash=sha256:ddf4af30b417d9fe16481e9b81c27ab2a7cde1ff7ba3e85653b02db7d145dc7b \
    --hash=sha256:df115d4d83168fdf2cae48ef1ff6d1cb4c466364e30861b37121de0f3bf1b990 \
    --hash=sha256:df7276909358e5635ae203673ab7e509ddd224225a8d6b0790bf13eb2bde1cc5 \
    --hash=sha256:e4fd89cc178bced6ad29cb3e6dd4aa63fa5017c3524dbd0b25998fb64a87cc8b \
    --hash=sha256:e9701d0049d92c16703a42771b98d560b95248949f23f8cf7b4eddd201814fb9 \
    --hash=sha256:ee2f2a527e3c1a6e6411eb4209642e138b544a2d72fe5d0d76daf77b24063534 \
    --hash=sha256:f7fb7d750cfa0a070d2c24e831fd3481019a60dd317ea2b39acbcebc08b6ed81 \
    --hash=sha256:f840ed6d8ecba8255df8c42b87fadeda98ddfc6eeec05e2dc66e26d46dd6f58a \
    --hash=sha256:f86c6358749bd4fda175388691e3ba8c46e24c5347d0afd20f9b7edfc9faf07d \
    --hash=sha256:fa36ec09ef71d158186bc79e359ff5fdd6e7996fe8ab638f00d6b93139ba4fcf \
    --hash=sha256:fe2c7201c642b7c308f1675355ad7ff7b66acfe3541625efe5a3ad38f29d6115
    # via requests
h11==0.16.0 \
    --hash=sha256:4e35b956cf45792e4caa5885e69fba00bdbc6ffafbfa020300e549b208ee5ff1 \
    --hash=sha256:63cf8bbe7522de3bf65932fda1d9c2772064ffb3dae62d55932da54b31cb6c86
    # via wsproto
idna==3.18 \
    --hash=sha256:7f952cbe720b688055e3f87de14f5c3e5fdaa8bc3928985c4077ca689de849a2 \
    --hash=sha256:ffb385a7e039654cef1ab9ef32c6fafe283c0c0467bba1d9029738ce4a14a848
    # via
    #   requests
    #   trio
isodate==0.7.2 \
    --hash=sha256:28009937d8031054830160fce6d409ed342816b543597cece116d966c6d99e15 \
    --hash=sha256:4cd1aa0f43ca76f4a6c6c0292a85f40b35ec2e43e315b59f06e6d32171a953e6
    # via streamlink
lxml==6.1.1 \
    --hash=sha256:05a82eb6e1530a64f26225b55cbd178113bd0b5af1c2b625f25e5296742c26d2 \
    --hash=sha256:07a4a68e286ee7a1ed7dfb8af83e615757c0ccfe9f18c6b4ea6771388d9ba8c9 \
    --hash=sha256:09dd5b7075dc2f7709654a46543ba1ea3c2e217b2ed8fbd413a8a945a0f40f60 \
    --hash=sha256:0b7e8a14c8634bf6f7a568634cb395305a6d964aeb5b7ee32248094bed3a7e2c \
    --hash=sha256:104c09bda8d2a562824c0e319d0768ce26a779b7601e0931d33b09b53c392ef7 \
    --hash=sha256:126c93f7f56f0eda92f6d8c619edc463a4f23d9252f1c9d0405a76f25fa9f11a \
    --hash=sha256:162af1091cd785f2f27e62d3547ae9bc58ec5c86dd314d67021fd02463708d83 \
    --hash=sha256:17e0e18d4ad8adbd0399291bc44845b69d9dd68439a3cdebdf35ff902ec05072 \
    --hash=sha256:18b73c339ae29b90fd2d06e58ebd555a751bde9cd6bbd36cc0281b9a2c94e9d8 \
    --hash=sha256:19607c6bbff2a44cf3fe8250abccd20942d3462473e0a721d01d379ed017e462 \
    --hash=sha256:19b7ab10b210b0b3ad7985d9ac4eb66ab09a90b20fe6e2f7ba55d01a234345d0 \
    --hash=sha256:1d4962d4c66bf830a7e59ed6cfc17d148149898a3aefa8ec6e59763e6e3ed085 \
    --hash=sha256:1db753c9115ec7100d073b744d17e25e88a8f90f5c39b2f5dd878149af59671f \
    --hash=sha256:1dde6131244bba38a17c745836ba190bc753fd73c9291666287fd0a3fa3dcf30 \
    --hash=sha256:25c6997a9a534e016695a0ba06b2f07945de682731ff01065b6d5a4474179da1 \
    --hash=sha256:26e6eda8d38c1fcab1090dd196ee87cbd13788e531937610e2589085de074e77 \
    --hash=sha256:27acc820660aaffa4f7c087f29120e12980f7779d56d8492d263170111284740 \
    --hash=sha256:2a0217714657e023ef4293500f65aa20fce6164c8fd6b08fa5bd4a859fb14b9b \
    --hash=sha256:2c8daa471358dc2d6fcf02165e80ec68f77871a286df95bc5cc3816153b0fd2c \
    --hash=sha256:30a89d3ac8faec007453fb541f3f46807eeec88edd5826f6e3fe001752a2c621 \
    --hash=sha256:31033dc34636ea6b7d5cc11b1ddbda78a14de858ba9d3e1ed4b69a3085bc521e \
    --hash=sha256:32ab449a5486f6c758e849bb86710d0e45edc24a04e250c01555f8f5653958f8 \
    --hash=sha256:3483644525531e1d5762b0c44a8e18b6efba321b6dcf8a8952de10b037618bca \
    --hash=sha256:34c2d737beabfe35baada43941ed519251e9a12e779031496bcd5d539fcfd730 \
    --hash=sha256:3779def59032b81e44a5f70096ef6bf2082f8d901937dca354474ba09782e245 \
    --hash=sha256:37a58976370f36d9329d118ad0b953c5aeb9119ac9c6a4e258942a225d0573a1 \
    --hash=sha256:3893c14c4b6ac5b2d54ba8cf03e99fe5104e592de491f19bd6b82756c09f8004 \
    --hash=sha256:3a12689be69a28ddaa0ab99a5a1137da2afd5f8f16df7b5680b66f616d3eda1d \
    --hash=sha256:3ab541146f1f6968c462d6c2ac495148e8cdba2f8347700b2141b6ec5a75bf52 \
    --hash=sha256:3abf332af33a74288675d936fe861fd4344da0dd6622193fbc4f2bfbb35536b5 \
    --hash=sha256:3fd9728a2735fda14f4e8235830c86b539e9661e849665bf926d3f867943b4bf \
    --hash=sha256:424aa57aca0897eb922aef34395bd1289b3b6f04e6bae20ea123c0c7e333cffc \
    --hash=sha256:441dd227fa0690eb9fc81edabc63cdcefc212bba99b906dcf6e32cc1a9d3e533 \
    --hash=sha256:469e3618338bd7ab5beb412d2439825479fcf0dab99e394ca563dbc4eaf6c834 \
    --hash=sha256:47402e62c52ff5988c1e8c6c63177f5708bccf48e366dea4e3dcf1e645e04947 \
    --hash=sha256:4f0dd2f01f9f8a89f565d000e03abcf0a13d692a346c8d22f628d49af098777a \
    --hash=sha256:53b7d2b7a10b1c35c0a5e21e9224accf60c1bbfba523990732e521b2b73adef2 \
    --hash=sha256:53c909b62a0532183542fed00c5a7218258c56292d409bc789886fe1cb04c438 \
    --hash=sha256:54a7f95e4de5fb94e2f9f4b9055c6ba33bf3d628fd77a1d647c5923caa2cdcdc \
    --hash=sha256:556e94a63c9b04716f8e4de2abb65775061f846e89331b6c5be79183a24f98ea \
    --hash=sha256:55b03549819867ea141c0202242c4816c82e52ec36e7e648db9d8da5a3dc3ed6 \
    --hash=sha256:581d4c8ae690a6609e64862dd6b7c2489635c2d13907fc2b20f2bc200ff1d21e \
    --hash=sha256:58bb955caba94e467d2a96da17660d2d704e0675894cba21ab8a775b8621fd1c \
    --hash=sha256:5b7328b46d49fc9477d91ae8f6d55340347d827b7734ba3ea33faae0efef1383 \
    --hash=sha256:5ba186ad207446c65d3bb3d3e0412b032b1d9f595e59861e2354798c5703d955 \
    --hash=sha256:5bec7d03d78d853597d6107854c2310ce3f761fd218fe9fe91d5101fcf6c2efe \
    --hash=sha256:5c6bf403fbb3b3e348a561a5f4f0b9961835657981c802a1df03653eef8a9074 \
    --hash=sha256:5f6994074ebae6ffb04447268e37dc16edc304f9859cf91acb86e0af6c1b395c \
    --hash=sha256:62aeb7e85b5d60320b9d77eef2e773994e2c0ce10121b277e0a19804e1654a5a \
    --hash=sha256:63876be28efefa04a1df615b46770e82042cce445cfdce55160522f57b231ccb \
    --hash=sha256:639f6c857d91d9be29bd7502348d6736dab168b54b5158cd899abf11684dc186 \
    --hash=sha256:640f97d43d867bcb9c75b3af013b64850756b746cb6bce8ace83b70da3abba9d \
    --hash=sha256:649dda677cf3bd6ac9ae14007ba0c824ded8ce5808b53fc7431d9140399118c1 \
    --hash=sha256:6540377fbd53fe1b629172288c464fb18db11ce1fa7dc15891da10aa9dcc3e7f \
    --hash=sha256:6689e828a94eee4f139408c337bb198e014724bb8a8c26d3cfac49d119ed69a6 \
    --hash=sha256:68a9198d0fc122d14bb76837de9aa80cf84caed990b5b237f532ed87d3706736 \
    --hash=sha256:6b1761fbf9ec984e2e9d9c589ef5f5fd684b7c19f92aadd567a26c5224958db6 \
    --hash=sha256:70cdfd80589d59e43e18005dd7244e8895e93db8ab6a620b7e23df5445a4e3d2 \
    --hash=sha256:70ef8a7e102a1508f8121aae5b0867abd663f72c14f0a9c937e6554cb4587b7b \
    --hash=sha256:73bc2086f141224ebddb7fc5c6a36ca58b31b94b561e1dfe8e073e3270fad1e7 \
    --hash=sha256:74a9717fd0d82effef5c2854f0d917231d5324b5a3eb7275c43ac9fa32f97a14 \
    --hash=sha256:752d3bbfe874715ccd0aec7f88d7fc623c0f1fd7aa7b3238a084e017bad2a009 \
    --hash=sha256:762ff394d5bd56da0cf034a23dcce4e13923f15321a2adfa2ac00201dc6d3fca \
    --hash=sha256:76447f65250ed2501ead1a1552f5ce8edff159a86f308348e6a9c4acb5e1f1b4 \
    --hash=sha256:766b010012d59470072c1816b5b6c69f1d243e5db36ea5968e94accf430a4635 \
    --hash=sha256:787b2496d0dbe8cd180984e8d29e3a6f76e7ea34db781cb3bd55e4ba1ef8b4ee \
    --hash=sha256:793033d6c5cdf33a573f910d9bea14ef8f5771820411d118da8e1182edb53d5e \
    --hash=sha256:7d47866cb32fb503450b6edc9df355d10dc49836af2e89901bd6ac6b0896d9d9 \
    --hash=sha256:7f7a92e8583f06b1fd49d01158143b8461cfcd135dcb10ec807270a3051bd603 \
    --hash=sha256:80c2dfadb855da477cf73373ad29a333535dedb9b12bad02c9814c8e2b43bf08 \
    --hash=sha256:83b6b30eb131da7a75b601f28c5d6971e6ed3e887919bf6b6a1ad3c2df289080 \
    --hash=sha256:86281fbdd6a8162756f8d603f37e3435bfa38043adb79c6dc6a2dfee065e7525 \
    --hash=sha256:86c89b9d55ebf820ad7c90bc533410f0d098054f293351f10603c0c46ff598f5 \
    --hash=sha256:876e1ff5930ed8bf295ec5ef9a8155e9b6b1876bbf1deed8b3a8069311875a8f \
    --hash=sha256:88136950da4d13c318bde414ce10219931937851327f44328f2df4d2c4614067 \
    --hash=sha256:88d8cb75b9d82858497a5393e3c63cfbf03035225e4b35a49ed7ccb151e4dc0e \
    --hash=sha256:8be8ad51249698103d24b0571df35a10990fbe93dd043b6c024172189485f5e3 \
    --hash=sha256:8d43ca737b20e106e4aebc42b2f3ae19f00ba63d7eb731698ee083d72d15646f \
    --hash=sha256:8dadbe5b217ff35b6a8d16610dd710219b59b76d13f0e3f0d9f36786206e4485 \
    --hash=sha256:9395002973c827b3ed67db77e6ec09f092919a587022174554096a269378fb13 \
    --hash=sha256:96f2ec43df44b1f76249ee0a615334f9b5b060e1c8bd90e706dad2d14d02f383 \
    --hash=sha256:98fc784c2c1440667aeedf8465bdfe10208acf0ead656a2c68627299f546b315 \
    --hash=sha256:9e36f163528fc50cbef305f02a5fd66d404edf7049cdaff211dbc2cba5a7013e \
    --hash=sha256:9eb9b5a968f6e0f6d640092a567e14529ff8cea2e29d00da6f78a79fa49f013c \
    --hash=sha256:9f76acfb5f68ba982635a53fd985a8044be98a35b43232c2a1ee235ffab3e1dd \
    --hash=sha256:a088f287f7d8275a33c07f2cac6c50b9319309a0200a39e7e75d80c707723099 \
    --hash=sha256:a10bd2fd62e8ce916ececb342f348f190724a098c1faa056fdfb2a22ad5e8660 \
    --hash=sha256:a4bbea04c97f6d78a48e3fbc1cb9116d2780b1b39e03a23f6eb9b603fd61f510 \
    --hash=sha256:aa366a1e55b8ebfe8ca8ddc3cfe75c8ebade181aeb0f661d0cb05986b647f72a \
    --hash=sha256:aa49e06d94aba782c6a02eecb7e507969e7e7a41b267f1b359bb35585f295d5b \
    --hash=sha256:aad9aa39483ed8ec44d6d2e59e5b98a0d80676ef0d92f44bfc374836111f62f5 \
    --hash=sha256:aae97dfdb60715c164419ac2532a76d013c3918a665eb6cb7288098b5f349aaf \
    --hash=sha256:abbefa31eee84842140f67acef1c828e28bba8bbf0c3bc6e5492a9af88152c28 \
    --hash=sha256:ac931cdc9442c1763b8a8f6cd62c0c938737eafc5be75eff88df55fc73bc0d00 \
    --hash=sha256:acd7d70b64c0aae0c7922cca83d288a16f5f6da523637697872253415269baef \
    --hash=sha256:add8cf6ddf9a65116119a28ece0f7886e30af27ba724a7594305f1d1b58a92a1 \
    --hash=sha256:aee395f5d0927f947758b4ec119fd5fc8ec71f07a1c5c52077b30b04c0fa6955 \
    --hash=sha256:b1b963fd8f5caa68e99dfae060d54de1fe9cba899b8718b44a00cdca53c3e590 \
    --hash=sha256:b2d444f2e66624d68e9c6b211e28a76e22fff5fcabcfff4deac18b529b7d4137 \
    --hash=sha256:b8d812c6011c08b8111a15e54dd990b8923692d80adf35488bee34026c35accf \
    --hash=sha256:ba96ae44888e0185281e937633a743ea90d5a196c6000f82565ebb0580012d40 \
    --hash=sha256:bdebcc8a75d38c7598dfb2c9ed852d7a9eb4a10d6e2d0764b919b802bf32ac88 \
    --hash=sha256:c07da4cebf6889f03ebac8d238f62318e29f495de0aa18a51ea14e61ae907e2e \
    --hash=sha256:c08e5c694306507275f2290073350c4f32e383db15213b2c69e7ff39c1193840 \
    --hash=sha256:c4f469aebd783bb741c2ecb2a681008fd26bfe5c16a9a72ed5467f834e810df2 \
    --hash=sha256:c5d7152ec39ca7c402d8fb9bad86140a15b9503bd0c54484e3f1bbe3dd37ceca \
    --hash=sha256:c674693f055fa2495de12292cb45e9944199d8eaef5a2dec45175c7c61cb73e3 \
    --hash=sha256:c6ed5141a5c7507cf3ee76bd363b0d6f801e3321adc35b5d825a23115faa5465 \
    --hash=sha256:c921ba5c51e4e9f63b8b00267d06566e1f63407408a0496da2d1d0bfc819c7fc \
    --hash=sha256:c9a4b821dc7055bf9e05ff5719e18ec501f75c0f0bbfabd573b277559780833d \
    --hash=sha256:c9f79d5325907f13e1be0b3e4dacc1049d1dffc4aeee3c995284bea5fe0fab7d \
    --hash=sha256:cd312b9692e831d2ffcad61eab31d91d4b4655a962e61de8fb410472cbcd37aa \
    --hash=sha256:cea3f4c1af79af13cdb2da0c028111d8f8522d4f22a000c82385535f24e5cf3a \
    --hash=sha256:cecdd5dfdc87b1fd87dbf81d4b037a544f47f4c744200a67013771682d67686a \
    --hash=sha256:cf9d57306d848218f3601fee7601fab1a327c942d56e2e97610583cb4dd74206 \
    --hash=sha256:d34bbf07dbc7ca5970671b1512e928991fb5e9d95365636c9b2d8b4f53af405e \
    --hash=sha256:d49514be2f28d895c38cf9d2b72d7b9a07d00314519f456c0b50b53cfcf4c785 \
    --hash=sha256:d680fbcb768404c601ecb43519ecd8461f6954cb11c06a78962f666832ccfca8 \
    --hash=sha256:db1d75f6617a49c1c01bc7023713e0ff59ab32c9579ae62a7674c0e34f3b0b0a \
    --hash=sha256:dcb292aa7fe485ceff7af4f92e46c5af397daec5dff64871a528f0fc47a3cc5b \
    --hash=sha256:e07c65f443c887bbcf31cc1771d932ecc192a5273943589b3c7572b749f1ffb2 \
    --hash=sha256:e902da4b04e6b52e5893900d4b8ab46068f75f3561f01bf1080957f9fd932ed6 \
    --hash=sha256:e9308ff8241c532df3f3e570f9a5aeed6c853f888512ba4b75638d7c11c95ef6 \
    --hash=sha256:eb7c9811bfaa8b1ed5ed319f5d370dfbcaa59d52ea64be2a5a85e18195930354 \
    --hash=sha256:ebe6af670449830d6d9b752c256a983291c766a1365ba5d5460048f9e33a7818 \
    --hash=sha256:ed21202aec73cda4d55d1ce57b389aadb90ffb044e6cd1080b8347efe1b1ec84 \
    --hash=sha256:efe0374196335f93b53269acd811b944f2e6bdc88e8894f214bd636455484909 \
    --hash=sha256:f64ec5397ea6a41fc1b4af0380d79b44a755b5531dcaccd9940fb260dca93038 \
    --hash=sha256:f6ac4ef4d82dff54670227a69c67782ae0b811b5cf6b17954f1e8f7502fc0d1d \
    --hash=sha256:f6f0ce10945fab9c4c06ce14e22af9059d1a87493a9af4501a5b0b9187e21cf2 \
    --hash=sha256:f8844cd288697c6425c9beba919302241e3278871dc6519515e72b04e987abcf \
    --hash=sha256:fe0306bd29505a9177aac19f1877174b0e7422c222a59f70b2cd41633448c3dc \
    --hash=sha256:ff3f333630ab480244a1bff72043e511a91eb22e7595dead8653ee5612dd8f3d \
    --hash=sha256:ffecec8eb889b58ba9be5b95fb1cc78e22ea8eedea38e8736a1568fe1979250e
    # via streamlink
macholib==1.16.4 ; sys_platform == 'darwin' \
    --hash=sha256:da1a3fa8266e30f0ce7e97c6a54eefaae8edd1e5f86f3eb8b95457cae90265ea \
    --hash=sha256:f408c93ab2e995cd2c46e34fe328b130404be143469e41bc366c807448979362
    # via pyinstaller
outcome==1.3.0.post0 \
    --hash=sha256:9dcf02e65f2971b80047b377468e72a268e15c0af3cf1238e6ff14f7f91143b8 \
    --hash=sha256:e771c5ce06d1415e356078d3bdd68523f284b4ce5419828922b6871e65eda82b
    # via
    #   trio
    #   trio-websocket
packaging==26.3 \
    --hash=sha256:94edc256424af38762eb31306eed28beb9f0efc50a8837492c9d6fd6004aed79 \
    --hash=sha256:d7193f7c8e4e93f444fde0262bf90af30e16fa0ad0ad44cb553c87339b23cd1c
    # via
    #   pyinstaller
    #   pyinstaller-hooks-contrib
pefile==2024.8.26 ; sys_platform == 'win32' \
    --hash=sha256:3ff6c5d8b43e8c37bb6e6dd5085658d658a7a0bdcd20b6a07b1fcfc1c4e9d632 \
    --hash=sha256:76f8b485dcd3b1bb8166f1128d395fa3d87af26360c2358fb75b80019b957c6f
    # via pyinstaller
pycountry==26.2.16 \
    --hash=sha256:115c4baf7cceaa30f59a4694d79483c9167dbce7a9de4d3d571c5f3ea77c305a \
    --hash=sha256:5b6027d453fcd6060112b951dd010f01f168b51b4bf8a1f1fc8c95c8d94a0801
    # via streamlink
pycparser==3.0 ; implementation_name != 'PyPy' and implementation_name != 'pypy' and os_name == 'nt' \
    --hash=sha256:600f49d217304a5902ac3c37e1281c9fe94e4d0489de643a9504c5cdfdfc6b29 \
    --hash=sha256:b727414169a36b7d524c1c3e31839a521725078d7b2ff038656844266160a992
    # via cffi
pycryptodome==3.23.0 \
    --hash=sha256:0011f7f00cdb74879142011f95133274741778abba114ceca229adbf8e62c3e4 \
    --hash=sha256:11eeeb6917903876f134b56ba11abe95c0b0fd5e3330def218083c7d98bbcb3c \
    --hash=sha256:14e15c081e912c4b0d75632acd8382dfce45b258667aa3c67caf7a4d4c13f630 \
    --hash=sha256:156df9667ad9f2ad26255926524e1c136d6664b741547deb0a86a9acf5ea631f \
    --hash=sha256:187058ab80b3281b1de11c2e6842a357a1f71b42cb1e15bce373f3d238135c27 \
    --hash=sha256:257bb3572c63ad8ba40b89f6fc9d63a2a628e9f9708d31ee26560925ebe0210a \
    --hash=sha256:350ebc1eba1da729b35ab7627a833a1a355ee4e852d8ba0447fafe7b14504d56 \
    --hash=sha256:447700a657182d60338bab09fdb27518f8856aecd80ae4c6bdddb67ff5da44ef \
    --hash=sha256:45c69ad715ca1a94f778215a11e66b7ff989d792a4d63b68dc586a1da1392ff5 \
    --hash=sha256:4764e64b269fc83b00f682c47443c2e6e85b18273712b98aa43bcb77f8570477 \
    --hash=sha256:507dbead45474b62b2bbe318eb1c4c8ee641077532067fec9c1aa82c31f84886 \
    --hash=sha256:53ecbafc2b55353edcebd64bf5da94a2a2cdf5090a6915bcca6eca6cc452585a \
    --hash=sha256:573a0b3017e06f2cffd27d92ef22e46aa3be87a2d317a5abf7cc0e84e321bd75 \
    --hash=sha256:63dad881b99ca653302b2c7191998dd677226222a3f2ea79999aa51ce695f720 \
    --hash=sha256:64093fc334c1eccfd3933c134c4457c34eaca235eeae49d69449dc4728079339 \
    --hash=sha256:6501790c5b62a29fcb227bd6b62012181d886a767ce9ed03b303d1f22eb5c625 \
    --hash=sha256:67bd81fcbe34f43ad9422ee8fd4843c8e7198dd88dd3d40e6de42ee65fbe1490 \
    --hash=sha256:6fe8258e2039eceb74dfec66b3672552b6b7d2c235b2dfecc05d16b8921649a8 \
    --hash=sha256:763d1d74f56f031788e5d307029caef067febf890cd1f8bf61183ae142f1a77b \
    --hash=sha256:7ac1080a8da569bde76c0a104589c4f414b8ba296c0b3738cf39a466a9fb1818 \
    --hash=sha256:865d83c906b0fc6a59b510deceee656b6bc1c4fa0d82176e2b77e97a420a996a \
    --hash=sha256:89d4d56153efc4d81defe8b65fd0821ef8b2d5ddf8ed19df31ba2f00872b8002 \
    --hash=sha256:90460fc9e088ce095f9ee8356722d4f10f86e5be06e2354230a9880b9c549aae \
    --hash=sha256:93837e379a3e5fd2bb00302a47aee9fdf7940d83595be3915752c74033d17ca7 \
    --hash=sha256:954af0e2bd7cea83ce72243b14e4fb518b18f0c1649b576d114973e2073b273d \
    --hash=sha256:9a53a4fe5cb075075d515797d6ce2f56772ea7e6a1e5e4b96cf78a14bac3d265 \
    --hash=sha256:9a77627a330ab23ca43b48b130e202582e91cc69619947840ea4d2d1be21eb39 \
    --hash=sha256:a176b79c49af27d7f6c12e4b178b0824626f40a7b9fed08f712291b6d54bf566 \
    --hash=sha256:a7fc76bf273353dc7e5207d172b83f569540fc9a28d63171061c42e361d22353 \
    --hash=sha256:aa0698f65e5b570426fc31b8162ed4603b0c2841cbb9088e2b01641e3065915b \
    --hash=sha256:b34e8e11d97889df57166eda1e1ddd7676da5fcd4d71a0062a760e75060514b4 \
    --hash=sha256:c75b52aacc6c0c260f204cbdd834f76edc9fb0d8e0da9fbf8352ef58202564e2 \
    --hash=sha256:c8987bd3307a39bc03df5c8e0e3d8be0c4c3518b7f044b0f4c15d1aa78f52575 \
    --hash=sha256:ce64e84a962b63a47a592690bdc16a7eaf709d2c2697ababf24a0def566899a6 \
    --hash=sha256:cfb5cd445280c5b0a4e6187a7ce8de5a07b5f3f897f235caa11f1f435f182843 \
    --hash=sha256:d8e95564beb8782abfd9e431c974e14563a794a4944c29d6d3b7b5ea042110b4 \
    --hash=sha256:d97618c9c6684a97ef7637ba43bdf6663a2e2e77efe0f863cce97a76af396446 \
    --hash=sha256:ddb95b49df036ddd264a0ad246d1be5b672000f12d6961ea2c267083a5e19379 \
    --hash=sha256:dea827b4d55ee390dc89b2afe5927d4308a8b538ae91d9c6f7a5090f397af1aa \
    --hash=sha256:e3f2d0aaf8080bda0587d58fc9fe4766e012441e2eed4269a77de6aea981c8be \
    --hash=sha256:eb8f24adb74984aa0e5d07a2368ad95276cf38051fe2dc6605cbcf482e04f2a7
    # via streamlink
pyinstaller==6.22.0 \
    --hash=sha256:0a20c37761851100f422ec261f513f46d8e57100ea22886b9ff7a6c346104bd8 \
    --hash=sha256:6e5f3656de100954bf5db25536c43e097e46d482843a96d03a0852bf266e4853 \
    --hash=sha256:6f527c1345d5010682587aebc2f0c1cc34a9b1f200424969c7bfda723cddc074 \
    --hash=sha256:7885de3c830356b0990b27fe164f2b008fb4a18560bac884cf33985f61469f44 \
    --hash=sha256:81dc305c16510c1f9ead6d115b66f381e3d3453ecb96653099c51aa3050420d1 \
    --hash=sha256:8b0166fff4583b374bbe7fa044bf03ddc33cab0f792a665807d96048e63f060e \
    --hash=sha256:b07ac9fd1d661ae4d0af6752c3941e4e5576a16cfe7e2d6504a32d57e17d0acc \
    --hash=sha256:b1233da63926be213cdfbfbb314735bc7762136ed772b1082e1b0a2d7ed896b5 \
    --hash=sha256:d7c7c5b149f7f9b37585b37e2376f774038b6a5633ba34db0de2698f75391e13 \
    --hash=sha256:e6859e80b9c7dccb8a1687c5ed4644a722b370c2aa13e8a9ca5ebf5f9bb842ce \
    --hash=sha256:f6c750c8ae999cc5520ddbce4263ac3ece96db04ba359ef20acacd81bccc201b \
    --hash=sha256:f92f78a9c463b884d57f90c7459c0cb263ccd26a499356bbfac7a5f41fd5b93f
    # via -r packs/requirements/live-streams.in
pyinstaller-hooks-contrib==2026.6 \
    --hash=sha256:bef5002c32f4f50bd55b005da12cff64eca8783e7eaf86a06a62410164bab725 \
    --hash=sha256:fd13b8ac126b35361175edacd41a0d97080b75dd5f4b594ecefefff969509dd3
    # via pyinstaller
pysocks==1.7.1 \
    --hash=sha256:08e69f092cc6dbe92a0fdd16eeb9b9ffbc13cadfe5ca4c7bd92ffb078b293299 \
    --hash=sha256:2725bd0a9925919b9b51739eea5f9e2bae91e83288108a9ad338b2e3a4435ee5 \
    --hash=sha256:3f8804571ebe159c380ac6de37643bb4685970655d3bba243530d6558b799aa0
    # via streamlink
pywin32-ctypes==0.2.3 ; sys_platform == 'win32' \
    --hash=sha256:8a1513379d709975552d202d942d9837758905c8d01eb82b8bcc30918929e7b8 \
    --hash=sha256:d162dc04946d704503b2edc4d55f3dba5c1d539ead017afa00142c38b9885755
    # via pyinstaller
requests==2.34.2 \
    --hash=sha256:2a0d60c172f83ac6ab31e4554906c0f3b3588d37b5cb939b1c061f4907e278e0 \
    --hash=sha256:f288924cae4e29463698d6d60bc6a4da69c89185ad1e0bcc4104f584e960b9ed
    # via streamlink
setuptools==84.0.0 \
    --hash=sha256:51a52592b3b99e102b609654876bd65f19f999935166d1352678931132b0c670 \
    --hash=sha256:f4695c21257f0d9b537ec2692c941d02ee143b7cc1276941349a546573b2ef73
    # via pyinstaller
sniffio==1.3.1 \
    --hash=sha256:2f6da418d1f1e0fddd844478f41680e794e6051915791a034ff65e5f100525a2 \
    --hash=sha256:f4324edc670a0f49750a81b895f35c3adb843cca46f0530f79fc1babb23789dc
    # via trio
sortedcontainers==2.4.0 \
    --hash=sha256:25caa5a06cc30b6b83d11423433f65d1f9d76c4c6a0c90e3379eaa43b9bfdb88 \
    --hash=sha256:a163dcaede0f1c021485e957a39245190e74249897e2ae4b2aa38595db237ee0
    # via trio
streamlink==8.5.0 \
    --hash=sha256:14595986ce0ed098fba7944e6d246b2d6b49985f7a1deb8f5d2cee22c17df1e4 \
    --hash=sha256:2484970638474e66f5e0de5c22015bc5c2989a375ec10dfd7522867a60993b1b \
    --hash=sha256:5de77da682a43644d53a1bf05c70fc91c865a5bf791ce5b7905b5de35a8c7823 \
    --hash=sha256:8082703734df7be0737c4d9be1debf572aae6669cfe5c5891441a7a1636ff320
    # via -r packs/requirements/live-streams.in
trio==0.33.0 \
    --hash=sha256:3bd5d87f781d9b0192d592aef28691f8951d6c2e41b7e1da4c25cde6c180ae9b \
    --hash=sha256:a29b92b73f09d4b48ed249acd91073281a7f1063f09caba5dc70465b5c7aa970
    # via
    #   streamlink
    #   trio-websocket
trio-websocket==0.12.2 \
    --hash=sha256:22c72c436f3d1e264d0910a3951934798dcc5b00ae56fc4ee079d46c7cf20fae \
    --hash=sha256:df605665f1db533f4a386c94525870851096a223adcb97f72a07e8b4beba45b6
    # via streamlink
urllib3==2.7.0 \
    --hash=sha256:231e0ec3b63ceb14667c67be60f2f2c40a518cb38b03af60abc813da26505f4c \
    --hash=sha256:9fb4c81ebbb1ce9531cce37674bbc6f1360472bc18ca9a553ede278ef7276897
    # via
    #   requests
    #   streamlink
websocket-client==1.9.0 \
    --hash=sha256:9e813624b6eb619999a97dc7958469217c3176312b3a16a4bd1bc7e08a46ec98 \
    --hash=sha256:af248a825037ef591efbf6ed20cc5faa03d3b47b9e5a2230a529eeee1c1fc3ef
    # via streamlink
wsproto==1.3.2 \
    --hash=sha256:61eea322cdf56e8cc904bd3ad7573359a242ba65688716b0710a5eb12beab584 \
    --hash=sha256:b86885dcf294e15204919950f666e06ffc6c7c114ca900b060d6e16293528294
    # via trio-websocket
